{
  "name": "back",
  "version": "1.0.0",
  "lockfileVersion": 3,
  "requires": true,
  "packages": {
    "": {
      "name": "back",
      "version": "1.0.0",
      "license": "ISC",
      "dependencies": {
        "bootstrap": "^3.3.7",
        "ckeditor4": "^4.13.1",
        "datatables.net": "^1.10.15",
        "datatables.net-bs": "^1.10.15",
        "jquery": "^3.3.1"
      }
    },
    "node_modules/bootstrap": {
      "version": "3.3.7",
      "resolved": "https://registry.npmjs.org/bootstrap/-/bootstrap-3.3.7.tgz",
      "integrity": "sha512-qcFaisBrcBhTFkz1IUnGDYnX6ZWfFzH8zOixUDtHW9Ip+r+7MfMFav2rzy7cIHc7rgIg7xjhWBoo1mS/U26j4g==",
      "deprecated": "This version of Bootstrap is no longer supported. Please upgrade to the latest version.",
      "license": "MIT",
      "engines": {
        "node": ">=0.10.1"
      }
    },
    "node_modules/ckeditor4": {
      "version": "4.13.1",
      "resolved": "https://registry.npmjs.org/ckeditor4/-/ckeditor4-4.13.1.tgz",
      "integrity": "sha512-Fslq8yT9YtbIWAnexnW8cTl/fK6QiAbSaimq/iZWS/FAqSyVEJk72+fA4BczCUMx7aj/Wari0vZ8nE1L5akYCQ==",
      "license": "(GPL-2.0 OR LGPL-2.1 OR MPL-1.1)"
    },
    "node_modules/datatables.net": {
      "version": "1.10.15",
      "resolved": "https://registry.npmjs.org/datatables.net/-/datatables.net-1.10.15.tgz",
      "integrity": "sha512-nQTWYbTi9XkICR3t97OMyFfS0/FJM8I+Rf3/qK5gsPI4iRJZpPUaeaileNZJKaO1za70PtC0FrX8vIgCECQmjA==",
      "license": "MIT",
      "dependencies": {
        "jquery": ">=1.7"
      }
    },
    "node_modules/datatables.net-bs": {
      "version": "1.10.15",
      "resolved": "https://registry.npmjs.org/datatables.net-bs/-/datatables.net-bs-1.10.15.tgz",
      "integrity": "sha512-Jq7KZpx9bP9xoAqlMjmKlZeUtta5c4O98o3rExa88KwRflfeGElr7RkIxo+jbJH4BW8j2CsSqTQglAGBHcsk5w==",
      "license": "MIT",
      "dependencies": {
        "datatables.net": ">=1.10.9",
        "jquery": ">=1.7"
      }
    },
    "node_modules/jquery": {
      "version": "3.3.1",
      "resolved": "https://registry.npmjs.org/jquery/-/jquery-3.3.1.tgz",
      "integrity": "sha512-Ubldcmxp5np52/ENotGxlLe6aGMvmF4R8S6tZjsP6Knsaxd/xp3Zrh50cG93lR6nPXyUFwzN3ZSOQI0wRJNdGg==",
      "deprecated": "This version is deprecated. Please upgrade to the latest version or find support at https://www.herodevs.com/support/jquery-nes.",
      "license": "MIT"
    }
  }
}
